{
  "pins" : [
    {
      "identity" : "quicktablekit",
      "kind" : "remoteSourceControl",
      "location" : "https://github.com/QuickTableKit/QuickTableKit.git",
      "state" : {
        "branch" : "feature/init",
        "revision" : "4a9711f1451568ef8360ac85972c54a8c841021b"
      }
    },
    {
      "identity" : "snapkit",
      "kind" : "remoteSourceControl",
      "location" : "https://github.com/SnapKit/SnapKit.git",
      "state" : {
        "revision" : "f222cbdf325885926566172f6f5f06af95473158",
        "version" : "5.6.0"
      }
    }
  ],
  "version" : 2
}
