{
  "pins" : [
    {
      "identity" : "quicktablekit",
      "kind" : "remoteSourceControl",
      "location" : "https://github.com/QuickTableKit/QuickTableKit.git",
      "state" : {
        "revision" : "2dc272e03e0bdd6472d2491549e323c71f962220",
        "version" : "0.1.2"
      }
    },
    {
      "identity" : "snapkit",
      "kind" : "remoteSourceControl",
      "location" : "https://github.com/SnapKit/SnapKit.git",
      "state" : {
        "revision" : "f222cbdf325885926566172f6f5f06af95473158",
        "version" : "5.6.0"
      }
    }
  ],
  "version" : 2
}
