{
  "pins" : [
    {
      "identity" : "quicktablekit",
      "kind" : "remoteSourceControl",
      "location" : "https://github.com/QuickTableKit/QuickTableKit.git",
      "state" : {
        "revision" : "3dd2e0e05a24f990f504088686b85aa0c32ca608",
        "version" : "0.1.8"
      }
    },
    {
      "identity" : "snapkit",
      "kind" : "remoteSourceControl",
      "location" : "https://github.com/SnapKit/SnapKit.git",
      "state" : {
        "revision" : "f222cbdf325885926566172f6f5f06af95473158",
        "version" : "5.6.0"
      }
    }
  ],
  "version" : 2
}
